<?xml version="1.0" encoding="utf-8"?>
<Project ToolsVersion="4.0" xmlns="http://schemas.microsoft.com/developer/msbuild/2003">
  <ItemGroup>
    <Filter Include="Source Files">
      <UniqueIdentifier>{4FC737F1-C7A5-4376-A066-2A32D752A2FF}</UniqueIdentifier>
      <Extensions>cpp;c;cc;cxx;def;odl;idl;hpj;bat;asm;asmx</Extensions>
    </Filter>
    <Filter Include="Header Files">
      <UniqueIdentifier>{f487a0d7-a9bd-4312-9754-a48123abca21}</UniqueIdentifier>
    </Filter>
  </ItemGroup>
  <ItemGroup>
    <ClCompile Include="test_synth_record.cpp">
      <Filter>Source Files</Filter>
    </ClCompile>
    <ClCompile Include="test_symbol_clash.cpp">
      <Filter>Source Files</Filter>
    </ClCompile>
    <ClCompile Include="test_record_property_thunk.cpp">
      <Filter>Source Files</Filter>
    </ClCompile>
    <ClCompile Include="test_record_builder.cpp">
      <Filter>Source Files</Filter>
    </ClCompile>
    <ClCompile Include="test_user_providers.cpp">
      <Filter>Source Files</Filter>
    </ClCompile>
    <ClCompile Include="test_kernel_providers.cpp">
      <Filter>Source Files</Filter>
    </ClCompile>
    <ClCompile Include="test_parser.cpp">
      <Filter>Source Files</Filter>
    </ClCompile>
    <ClCompile Include="test_parse_types.cpp">
      <Filter>Source Files</Filter>
    </ClCompile>
    <ClCompile Include="test_filter.cpp">
      <Filter>Source Files</Filter>
    </ClCompile>
    <ClCompile Include="test_event_callbacks.cpp">
      <Filter>Source Files</Filter>
    </ClCompile>
    <ClCompile Include="test_collection_view.cpp">
      <Filter>Source Files</Filter>
    </ClCompile>
    <ClCompile Include="test_trace_properties.cpp">
      <Filter>Source Files</Filter>
    </ClCompile>
    <ClCompile Include="test_guid_parser.cpp">
      <Filter>Source Files</Filter>
    </ClCompile>
    <ClCompile Include="test_schema_key.cpp">
      <Filter>Source Files</Filter>
    </ClCompile>
    <ClCompile Include="test_guid.cpp">
      <Filter>Source Files</Filter>
    </ClCompile>
  </ItemGroup>
</Project>