<?xml version="1.0" encoding="utf-8"?>
<Project ToolsVersion="4.0" xmlns="http://schemas.microsoft.com/developer/msbuild/2003">
  <ItemGroup>
    <Filter Include="Source Files">
      <UniqueIdentifier>{4FC737F1-C7A5-4376-A066-2A32D752A2FF}</UniqueIdentifier>
      <Extensions>cpp;c;cc;cxx;def;odl;idl;hpj;bat;asm;asmx</Extensions>
    </Filter>
    <Filter Include="Header Files">
      <UniqueIdentifier>{ed21b70b-78a2-4617-a02f-9b654e2bd586}</UniqueIdentifier>
    </Filter>
  </ItemGroup>
  <ItemGroup>
    <ClCompile Include="kernel_and_user_trace_001.cpp">
      <Filter>Source Files</Filter>
    </ClCompile>
    <ClCompile Include="kernel_trace_001.cpp">
      <Filter>Source Files</Filter>
    </ClCompile>
    <ClCompile Include="multiple_providers_001.cpp">
      <Filter>Source Files</Filter>
    </ClCompile>
    <ClCompile Include="testing_001.cpp">
      <Filter>Source Files</Filter>
    </ClCompile>
    <ClCompile Include="user_trace_001.cpp">
      <Filter>Source Files</Filter>
    </ClCompile>
    <ClCompile Include="user_trace_002.cpp">
      <Filter>Source Files</Filter>
    </ClCompile>
    <ClCompile Include="main.cpp">
      <Filter>Source Files</Filter>
    </ClCompile>
    <ClCompile Include="user_trace_003_no_predicates.cpp">
      <Filter>Source Files</Filter>
    </ClCompile>
    <ClCompile Include="user_trace_004.cpp">
      <Filter>Source Files</Filter>
    </ClCompile>
    <ClCompile Include="user_trace_005.cpp">
      <Filter>Source Files</Filter>
    </ClCompile>
    <ClCompile Include="user_trace_006_predicate_vectors.cpp">
      <Filter>Source Files</Filter>
    </ClCompile>
    <ClCompile Include="kernel_trace_002.cpp">
      <Filter>Source Files</Filter>
    </ClCompile>
    <ClCompile Include="user_trace_007_rundown.cpp">
      <Filter>Source Files</Filter>
    </ClCompile>
    <ClCompile Include="kernel_trace_003_rundown.cpp">
      <Filter>Source Files</Filter>
    </ClCompile>
    <ClCompile Include="user_trace_008_stacktrace.cpp">
      <Filter>Source Files</Filter>
    </ClCompile>
    <ClCompile Include="user_trace_009_from_file.cpp">
      <Filter>Source Files</Filter>
    </ClCompile>
  </ItemGroup>
  <ItemGroup>
    <ClInclude Include="examples.h">
      <Filter>Header Files</Filter>
    </ClInclude>
  </ItemGroup>
</Project>